
Microsoft Visual Studio Solution File, Format Version 12.00
# Visual Studio 15
VisualStudioVersion = 15.0.27004.2008
MinimumVisualStudioVersion = 10.0.40219.1
Project("{FAE04EC0-301F-11D3-BF4B-00C04F79EFBC}") = "AzureKeyVaultAspNetCore", "AzureKeyVaultAspNetCore\AzureKeyVaultAspNetCore.csproj", "{2D76B689-02F0-4E83-AB56-56BB0001B746}"
EndProject
Global
	GlobalSection(SolutionConfigurationPlatforms) = preSolution
		Debug|Any CPU = Debug|Any CPU
		Release|Any CPU = Release|Any CPU
	EndGlobalSection
	GlobalSection(ProjectConfigurationPlatforms) = postSolution
		{2D76B689-02F0-4E83-AB56-56BB0001B746}.Debug|Any CPU.ActiveCfg = Debug|Any CPU
		{2D76B689-02F0-4E83-AB56-56BB0001B746}.Debug|Any CPU.Build.0 = Debug|Any CPU
		{2D76B689-02F0-4E83-AB56-56BB0001B746}.Release|Any CPU.ActiveCfg = Release|Any CPU
		{2D76B689-02F0-4E83-AB56-56BB0001B746}.Release|Any CPU.Build.0 = Release|Any CPU
	EndGlobalSection
	GlobalSection(SolutionProperties) = preSolution
		HideSolutionNode = FALSE
	EndGlobalSection
	GlobalSection(ExtensibilityGlobals) = postSolution
		SolutionGuid = {8D3F36B4-9FD1-45B0-BE45-F17685586560}
	EndGlobalSection
EndGlobal
